// !$*UTF8*$!
{
	archiveVersion = 1;
	classes = {
	};
	objectVersion = 50;
	objects = {

/* Begin PBXBuildFile section */
		A2181D54262E349B00C1FCD6 /* Learning_GH2App.swift in Sources */ = {isa = PBXBuildFile; fileRef = A2181D53262E349B00C1FCD6 /* Learning_GH2App.swift */; };
		A2181D56262E349B00C1FCD6 /* codecrew.swift in Sources */ = {isa = PBXBuildFile; fileRef = A2181D55262E349B00C1FCD6 /* codecrew.swift */; };
		A2181D58262E349C00C1FCD6 /* Assets.xcassets in Resources */ = {isa = PBXBuildFile; fileRef = A2181D57262E349C00C1FCD6 /* Assets.xcassets */; };
		A2181D5B262E349C00C1FCD6 /* Preview Assets.xcassets in Resources */ = {isa = PBXBuildFile; fileRef = A2181D5A262E349C00C1FCD6 /* Preview Assets.xcassets */; };
/* End PBXBuildFile section */

/* Begin PBXFileReference section */
		A2181D50262E349B00C1FCD6 /* Learning GH2.app */ = {isa = PBXFileReference; explicitFileType = wrapper.application; includeInIndex = 0; path = "Learning GH2.app"; sourceTree = BUILT_PRODUCTS_DIR; };
		A2181D53262E349B00C1FCD6 /* Learning_GH2App.swift */ = {isa = PBXFileReference; lastKnownFileType = sourcecode.swift; path = Learning_GH2App.swift; sourceTree = "<group>"; };
		A2181D55262E349B00C1FCD6 /* codecrew.swift */ = {isa = PBXFileReference; lastKnownFileType = sourcecode.swift; path = codecrew.swift; sourceTree = "<group>"; };
		A2181D57262E349C00C1FCD6 /* Assets.xcassets */ = {isa = PBXFileReference; lastKnownFileType = folder.assetcatalog; path = Assets.xcassets; sourceTree = "<group>"; };
		A2181D5A262E349C00C1FCD6 /* Preview Assets.xcassets */ = {isa = PBXFileReference; lastKnownFileType = folder.assetcatalog; path = "Preview Assets.xcassets"; sourceTree = "<group>"; };
		A2181D5C262E349D00C1FCD6 /* Info.plist */ = {isa = PBXFileReference; lastKnownFileType = text.plist.xml; path = Info.plist; sourceTree = "<group>"; };
/* End PBXFileReference section */

/* Begin PBXFrameworksBuildPhase section */
		A2181D4D262E349B00C1FCD6 /* Frameworks */ = {
			isa = PBXFrameworksBuildPhase;
			buildActionMask = 2147483647;
			files = (
			);
			runOnlyForDeploymentPostprocessing = 0;
		};
/* End PBXFrameworksBuildPhase section */

/* Begin PBXGroup section */
		A2181D47262E349B00C1FCD6 = {
			isa = PBXGroup;
			children = (
				A2181D52262E349B00C1FCD6 /* Learning GH2 */,
				A2181D51262E349B00C1FCD6 /* Products */,
			);
			sourceTree = "<group>";
		};
		A2181D51262E349B00C1FCD6 /* Products */ = {
			isa = PBXGroup;
			children = (
				A2181D50262E349B00C1FCD6 /* Learning GH2.app */,
			);
			name = Products;
			sourceTree = "<group>";
		};
		A2181D52262E349B00C1FCD6 /* Learning GH2 */ = {
			isa = PBXGroup;
			children = (
				A2181D53262E349B00C1FCD6 /* Learning_GH2App.swift */,
				A2181D55262E349B00C1FCD6 /* codecrew.swift */,
				A2181D57262E349C00C1FCD6 /* Assets.xcassets */,
				A2181D5C262E349D00C1FCD6 /* Info.plist */,
				A2181D59262E349C00C1FCD6 /* Preview Content */,
			);
			path = "Learning GH2";
			sourceTree = "<group>";
		};
		A2181D59262E349C00C1FCD6 /* Preview Content */ = {
			isa = PBXGroup;
			children = (
				A2181D5A262E349C00C1FCD6 /* Preview Assets.xcassets */,
			);
			path = "Preview Content";
			sourceTree = "<group>";
		};
/* End PBXGroup section */

/* Begin PBXNativeTarget section */
		A2181D4F262E349B00C1FCD6 /* Learning GH2 */ = {
			isa = PBXNativeTarget;
			buildConfigurationList = A2181D5F262E349D00C1FCD6 /* Build configuration list for PBXNativeTarget "Learning GH2" */;
			buildPhases = (
				A2181D4C262E349B00C1FCD6 /* Sources */,
				A2181D4D262E349B00C1FCD6 /* Frameworks */,
				A2181D4E262E349B00C1FCD6 /* Resources */,
			);
			buildRules = (
			);
			dependencies = (
			);
			name = "Learning GH2";
			productName = "Learning GH2";
			productReference = A2181D50262E349B00C1FCD6 /* Learning GH2.app */;
			productType = "com.apple.product-type.application";
		};
/* End PBXNativeTarget section */

/* Begin PBXProject section */
		A2181D48262E349B00C1FCD6 /* Project object */ = {
			isa = PBXProject;
			attributes = {
				LastSwiftUpdateCheck = 1240;
				LastUpgradeCheck = 1240;
				TargetAttributes = {
					A2181D4F262E349B00C1FCD6 = {
						CreatedOnToolsVersion = 12.4;
					};
				};
			};
			buildConfigurationList = A2181D4B262E349B00C1FCD6 /* Build configuration list for PBXProject "Learning GH2" */;
			compatibilityVersion = "Xcode 9.3";
			developmentRegion = en;
			hasScannedForEncodings = 0;
			knownRegions = (
				en,
				Base,
			);
			mainGroup = A2181D47262E349B00C1FCD6;
			productRefGroup = A2181D51262E349B00C1FCD6 /* Products */;
			projectDirPath = "";
			projectRoot = "";
			targets = (
				A2181D4F262E349B00C1FCD6 /* Learning GH2 */,
			);
		};
/* End PBXProject section */

/* Begin PBXResourcesBuildPhase section */
		A2181D4E262E349B00C1FCD6 /* Resources */ = {
			isa = PBXResourcesBuildPhase;
			buildActionMask = 2147483647;
			files = (
				A2181D5B262E349C00C1FCD6 /* Preview Assets.xcassets in Resources */,
				A2181D58262E349C00C1FCD6 /* Assets.xcassets in Resources */,
			);
			runOnlyForDeploymentPostprocessing = 0;
		};
/* End PBXResourcesBuildPhase section */

/* Begin PBXSourcesBuildPhase section */
		A2181D4C262E349B00C1FCD6 /* Sources */ = {
			isa = PBXSourcesBuildPhase;
			buildActionMask = 2147483647;
			files = (
				A2181D56262E349B00C1FCD6 /* codecrew.swift in Sources */,
				A2181D54262E349B00C1FCD6 /* Learning_GH2App.swift in Sources */,
			);
			runOnlyForDeploymentPostprocessing = 0;
		};
/* End PBXSourcesBuildPhase section */

/* Begin XCBuildConfiguration section */
		A2181D5D262E349D00C1FCD6 /* Debug */ = {
			isa = XCBuildConfiguration;
			buildSettings = {
				ALWAYS_SEARCH_USER_PATHS = NO;
				CLANG_ANALYZER_NONNULL = YES;
				CLANG_ANALYZER_NUMBER_OBJECT_CONVERSION = YES_AGGRESSIVE;
				CLANG_CXX_LANGUAGE_STANDARD = "gnu++14";
				CLANG_CXX_LIBRARY = "libc++";
				CLANG_ENABLE_MODULES = YES;
				CLANG_ENABLE_OBJC_ARC = YES;
				CLANG_ENABLE_OBJC_WEAK = YES;
				CLANG_WARN_BLOCK_CAPTURE_AUTORELEASING = YES;
				CLANG_WARN_BOOL_CONVERSION = YES;
				CLANG_WARN_COMMA = YES;
				CLANG_WARN_CONSTANT_CONVERSION = YES;
				CLANG_WARN_DEPRECATED_OBJC_IMPLEMENTATIONS = YES;
				CLANG_WARN_DIRECT_OBJC_ISA_USAGE = YES_ERROR;
				CLANG_WARN_DOCUMENTATION_COMMENTS = YES;
				CLANG_WARN_EMPTY_BODY = YES;
				CLANG_WARN_ENUM_CONVERSION = YES;
				CLANG_WARN_INFINITE_RECURSION = YES;
				CLANG_WARN_INT_CONVERSION = YES;
				CLANG_WARN_NON_LITERAL_NULL_CONVERSION = YES;
				CLANG_WARN_OBJC_IMPLICIT_RETAIN_SELF = YES;
				CLANG_WARN_OBJC_LITERAL_CONVERSION = YES;
				CLANG_WARN_OBJC_ROOT_CLASS = YES_ERROR;
				CLANG_WARN_QUOTED_INCLUDE_IN_FRAMEWORK_HEADER = YES;
				CLANG_WARN_RANGE_LOOP_ANALYSIS = YES;
				CLANG_WARN_STRICT_PROTOTYPES = YES;
				CLANG_WARN_SUSPICIOUS_MOVE = YES;
				CLANG_WARN_UNGUARDED_AVAILABILITY = YES_AGGRESSIVE;
				CLANG_WARN_UNREACHABLE_CODE = YES;
				CLANG_WARN__DUPLICATE_METHOD_MATCH = YES;
				COPY_PHASE_STRIP = NO;
				DEBUG_INFORMATION_FORMAT = dwarf;
				ENABLE_STRICT_OBJC_MSGSEND = YES;
				ENABLE_TESTABILITY = YES;
				GCC_C_LANGUAGE_STANDARD = gnu11;
				GCC_DYNAMIC_NO_PIC = NO;
				GCC_NO_COMMON_BLOCKS = YES;
				GCC_OPTIMIZATION_LEVEL = 0;
				GCC_PREPROCESSOR_DEFINITIONS = (
					"DEBUG=1",
					"$(inherited)",
				);
				GCC_WARN_64_TO_32_BIT_CONVERSION = YES;
				GCC_WARN_ABOUT_RETURN_TYPE = YES_ERROR;
				GCC_WARN_UNDECLARED_SELECTOR = YES;
				GCC_WARN_UNINITIALIZED_AUTOS = YES_AGGRESSIVE;
				GCC_WARN_UNUSED_FUNCTION = YES;
				GCC_WARN_UNUSED_VARIABLE = YES;
				IPHONEOS_DEPLOYMENT_TARGET = 14.4;
				MTL_ENABLE_DEBUG_INFO = INCLUDE_SOURCE;
				MTL_FAST_MATH = YES;
				ONLY_ACTIVE_ARCH = YES;
				SDKROOT = iphoneos;
				SWIFT_ACTIVE_COMPILATION_CONDITIONS = DEBUG;
				SWIFT_OPTIMIZATION_LEVEL = "-Onone";
			};
			name = Debug;
		};
		A2181D5E262E349D00C1FCD6 /* Release */ = {
			isa = XCBuildConfiguration;
			buildSettings = {
				ALWAYS_SEARCH_USER_PATHS = NO;
				CLANG_ANALYZER_NONNULL = YES;
				CLANG_ANALYZER_NUMBER_OBJECT_CONVERSION = YES_AGGRESSIVE;
				CLANG_CXX_LANGUAGE_STANDARD = "gnu++14";
				CLANG_CXX_LIBRARY = "libc++";
				CLANG_ENABLE_MODULES = YES;
				CLANG_ENABLE_OBJC_ARC = YES;
				CLANG_ENABLE_OBJC_WEAK = YES;
				CLANG_WARN_BLOCK_CAPTURE_AUTORELEASING = YES;
				CLANG_WARN_BOOL_CONVERSION = YES;
				CLANG_WARN_COMMA = YES;
				CLANG_WARN_CONSTANT_CONVERSION = YES;
				CLANG_WARN_DEPRECATED_OBJC_IMPLEMENTATIONS = YES;
				CLANG_WARN_DIRECT_OBJC_ISA_USAGE = YES_ERROR;
				CLANG_WARN_DOCUMENTATION_COMMENTS = YES;
				CLANG_WARN_EMPTY_BODY = YES;
				CLANG_WARN_ENUM_CONVERSION = YES;
				CLANG_WARN_INFINITE_RECURSION = YES;
				CLANG_WARN_INT_CONVERSION = YES;
				CLANG_WARN_NON_LITERAL_NULL_CONVERSION = YES;
				CLANG_WARN_OBJC_IMPLICIT_RETAIN_SELF = YES;
				CLANG_WARN_OBJC_LITERAL_CONVERSION = YES;
				CLANG_WARN_OBJC_ROOT_CLASS = YES_ERROR;
				CLANG_WARN_QUOTED_INCLUDE_IN_FRAMEWORK_HEADER = YES;
				CLANG_WARN_RANGE_LOOP_ANALYSIS = YES;
				CLANG_WARN_STRICT_PROTOTYPES = YES;
				CLANG_WARN_SUSPICIOUS_MOVE = YES;
				CLANG_WARN_UNGUARDED_AVAILABILITY = YES_AGGRESSIVE;
				CLANG_WARN_UNREACHABLE_CODE = YES;
				CLANG_WARN__DUPLICATE_METHOD_MATCH = YES;
				COPY_PHASE_STRIP = NO;
				DEBUG_INFORMATION_FORMAT = "dwarf-with-dsym";
				ENABLE_NS_ASSERTIONS = NO;
				ENABLE_STRICT_OBJC_MSGSEND = YES;
				GCC_C_LANGUAGE_STANDARD = gnu11;
				GCC_NO_COMMON_BLOCKS = YES;
				GCC_WARN_64_TO_32_BIT_CONVERSION = YES;
				GCC_WARN_ABOUT_RETURN_TYPE = YES_ERROR;
				GCC_WARN_UNDECLARED_SELECTOR = YES;
				GCC_WARN_UNINITIALIZED_AUTOS = YES_AGGRESSIVE;
				GCC_WARN_UNUSED_FUNCTION = YES;
				GCC_WARN_UNUSED_VARIABLE = YES;
				IPHONEOS_DEPLOYMENT_TARGET = 14.4;
				MTL_ENABLE_DEBUG_INFO = NO;
				MTL_FAST_MATH = YES;
				SDKROOT = iphoneos;
				SWIFT_COMPILATION_MODE = wholemodule;
				SWIFT_OPTIMIZATION_LEVEL = "-O";
				VALIDATE_PRODUCT = YES;
			};
			name = Release;
		};
		A2181D60262E349D00C1FCD6 /* Debug */ = {
			isa = XCBuildConfiguration;
			buildSettings = {
				ASSETCATALOG_COMPILER_APPICON_NAME = AppIcon;
				ASSETCATALOG_COMPILER_GLOBAL_ACCENT_COLOR_NAME = AccentColor;
				CODE_SIGN_STYLE = Automatic;
				DEVELOPMENT_ASSET_PATHS = "\"Learning GH2/Preview Content\"";
				DEVELOPMENT_TEAM = 6VB8UU3R67;
				ENABLE_PREVIEWS = YES;
				INFOPLIST_FILE = "Learning GH2/Info.plist";
				IPHONEOS_DEPLOYMENT_TARGET = 14.0;
				LD_RUNPATH_SEARCH_PATHS = (
					"$(inherited)",
					"@executable_path/Frameworks",
				);
				PRODUCT_BUNDLE_IDENTIFIER = "r.Learning-GH2";
				PRODUCT_NAME = "$(TARGET_NAME)";
				SWIFT_VERSION = 5.0;
				TARGETED_DEVICE_FAMILY = "1,2";
			};
			name = Debug;
		};
		A2181D61262E349D00C1FCD6 /* Release */ = {
			isa = XCBuildConfiguration;
			buildSettings = {
				ASSETCATALOG_COMPILER_APPICON_NAME = AppIcon;
				ASSETCATALOG_COMPILER_GLOBAL_ACCENT_COLOR_NAME = AccentColor;
				CODE_SIGN_STYLE = Automatic;
				DEVELOPMENT_ASSET_PATHS = "\"Learning GH2/Preview Content\"";
				DEVELOPMENT_TEAM = 6VB8UU3R67;
				ENABLE_PREVIEWS = YES;
				INFOPLIST_FILE = "Learning GH2/Info.plist";
				IPHONEOS_DEPLOYMENT_TARGET = 14.0;
				LD_RUNPATH_SEARCH_PATHS = (
					"$(inherited)",
					"@executable_path/Frameworks",
				);
				PRODUCT_BUNDLE_IDENTIFIER = "r.Learning-GH2";
				PRODUCT_NAME = "$(TARGET_NAME)";
				SWIFT_VERSION = 5.0;
				TARGETED_DEVICE_FAMILY = "1,2";
			};
			name = Release;
		};
/* End XCBuildConfiguration section */

/* Begin XCConfigurationList section */
		A2181D4B262E349B00C1FCD6 /* Build configuration list for PBXProject "Learning GH2" */ = {
			isa = XCConfigurationList;
			buildConfigurations = (
				A2181D5D262E349D00C1FCD6 /* Debug */,
				A2181D5E262E349D00C1FCD6 /* Release */,
			);
			defaultConfigurationIsVisible = 0;
			defaultConfigurationName = Release;
		};
		A2181D5F262E349D00C1FCD6 /* Build configuration list for PBXNativeTarget "Learning GH2" */ = {
			isa = XCConfigurationList;
			buildConfigurations = (
				A2181D60262E349D00C1FCD6 /* Debug */,
				A2181D61262E349D00C1FCD6 /* Release */,
			);
			defaultConfigurationIsVisible = 0;
			defaultConfigurationName = Release;
		};
/* End XCConfigurationList section */
	};
	rootObject = A2181D48262E349B00C1FCD6 /* Project object */;
}
